
Microsoft Visual Studio Solution File, Format Version 12.00
# Visual Studio 15
VisualStudioVersion = 15.0.27703.2000
MinimumVisualStudioVersion = 10.0.40219.1
Project("{00D1A9C2-B5F0-4AF3-8072-F6C62B433612}") = "umbracocms-group-db", "umbracocms-group-db\umbracocms-group-db.sqlproj", "{54BB532B-E8EF-40E9-BE9A-805DE6A0391A}"
EndProject
Global
	GlobalSection(SolutionConfigurationPlatforms) = preSolution
		Debug|Any CPU = Debug|Any CPU
		Release|Any CPU = Release|Any CPU
	EndGlobalSection
	GlobalSection(ProjectConfigurationPlatforms) = postSolution
		{54BB532B-E8EF-40E9-BE9A-805DE6A0391A}.Debug|Any CPU.ActiveCfg = Debug|Any CPU
		{54BB532B-E8EF-40E9-BE9A-805DE6A0391A}.Debug|Any CPU.Build.0 = Debug|Any CPU
		{54BB532B-E8EF-40E9-BE9A-805DE6A0391A}.Debug|Any CPU.Deploy.0 = Debug|Any CPU
		{54BB532B-E8EF-40E9-BE9A-805DE6A0391A}.Release|Any CPU.ActiveCfg = Release|Any CPU
		{54BB532B-E8EF-40E9-BE9A-805DE6A0391A}.Release|Any CPU.Build.0 = Release|Any CPU
		{54BB532B-E8EF-40E9-BE9A-805DE6A0391A}.Release|Any CPU.Deploy.0 = Release|Any CPU
	EndGlobalSection
	GlobalSection(SolutionProperties) = preSolution
		HideSolutionNode = FALSE
	EndGlobalSection
	GlobalSection(ExtensibilityGlobals) = postSolution
		SolutionGuid = {5373270A-C8EE-4ACF-ABAE-8F410EBF2E8B}
	EndGlobalSection
EndGlobal
